
Microsoft Visual Studio Solution File, Format Version 12.00
# Visual Studio Version 17
VisualStudioVersion = 17.13.35818.85
MinimumVisualStudioVersion = 10.0.40219.1
Project("{FAE04EC0-301F-11D3-BF4B-00C04F79EFBC}") = "Yuhnevich_vb_lab", "Yuhnevich_vb_lab.csproj", "{0F7A2616-0094-421C-81CC-920B93829EB7}"
EndProject
Project("{FAE04EC0-301F-11D3-BF4B-00C04F79EFBC}") = "Yuhnevich_vb_lab.Domain", "Yuhnevich_vb_lab.Domain\Yuhnevich_vb_lab.Domain.csproj", "{93B59FE9-7A33-4A95-8900-E05D02385146}"
EndProject
Project("{FAE04EC0-301F-11D3-BF4B-00C04F79EFBC}") = "Yuhnevich_vb_lab.API", "..\Yuhnevich_vb_lab.API\Yuhnevich_vb_lab.API.csproj", "{89B8201B-E5A0-4129-ACE6-4BE54D9FCCBF}"
EndProject
Project("{FAE04EC0-301F-11D3-BF4B-00C04F79EFBC}") = "Yuhnevich_vb_lab.Blazor", "..\Yuhnevich_vb_lab.Blazor\Yuhnevich_vb_lab.Blazor.csproj", "{17F97BCB-695C-492F-BEE2-7D8AAEBB99BE}"
EndProject
Global
	GlobalSection(SolutionConfigurationPlatforms) = preSolution
		Debug|Any CPU = Debug|Any CPU
		Release|Any CPU = Release|Any CPU
	EndGlobalSection
	GlobalSection(ProjectConfigurationPlatforms) = postSolution
		{0F7A2616-0094-421C-81CC-920B93829EB7}.Debug|Any CPU.ActiveCfg = Debug|Any CPU
		{0F7A2616-0094-421C-81CC-920B93829EB7}.Debug|Any CPU.Build.0 = Debug|Any CPU
		{0F7A2616-0094-421C-81CC-920B93829EB7}.Release|Any CPU.ActiveCfg = Release|Any CPU
		{0F7A2616-0094-421C-81CC-920B93829EB7}.Release|Any CPU.Build.0 = Release|Any CPU
		{93B59FE9-7A33-4A95-8900-E05D02385146}.Debug|Any CPU.ActiveCfg = Debug|Any CPU
		{93B59FE9-7A33-4A95-8900-E05D02385146}.Debug|Any CPU.Build.0 = Debug|Any CPU
		{93B59FE9-7A33-4A95-8900-E05D02385146}.Release|Any CPU.ActiveCfg = Release|Any CPU
		{93B59FE9-7A33-4A95-8900-E05D02385146}.Release|Any CPU.Build.0 = Release|Any CPU
		{89B8201B-E5A0-4129-ACE6-4BE54D9FCCBF}.Debug|Any CPU.ActiveCfg = Debug|Any CPU
		{89B8201B-E5A0-4129-ACE6-4BE54D9FCCBF}.Debug|Any CPU.Build.0 = Debug|Any CPU
		{89B8201B-E5A0-4129-ACE6-4BE54D9FCCBF}.Release|Any CPU.ActiveCfg = Release|Any CPU
		{89B8201B-E5A0-4129-ACE6-4BE54D9FCCBF}.Release|Any CPU.Build.0 = Release|Any CPU
		{17F97BCB-695C-492F-BEE2-7D8AAEBB99BE}.Debug|Any CPU.ActiveCfg = Debug|Any CPU
		{17F97BCB-695C-492F-BEE2-7D8AAEBB99BE}.Debug|Any CPU.Build.0 = Debug|Any CPU
		{17F97BCB-695C-492F-BEE2-7D8AAEBB99BE}.Release|Any CPU.ActiveCfg = Release|Any CPU
		{17F97BCB-695C-492F-BEE2-7D8AAEBB99BE}.Release|Any CPU.Build.0 = Release|Any CPU
	EndGlobalSection
	GlobalSection(SolutionProperties) = preSolution
		HideSolutionNode = FALSE
	EndGlobalSection
	GlobalSection(ExtensibilityGlobals) = postSolution
		SolutionGuid = {F2AD7E2D-3F92-4C99-A7C5-0F642FA1769B}
	EndGlobalSection
EndGlobal
